lockfileVersion: '9.0'

settings:
  autoInstallPeers: true
  excludeLinksFromLockfile: false

importers:

  .:
    dependencies:
      '@anthropic-ai/tokenizer':
        specifier: ^0.0.4
        version: 0.0.4
      gpt-tokenizer:
        specifier: ^3.4.0
        version: 3.4.0
      hono:
        specifier: ^4
        version: 4.12.6

packages:

  '@anthropic-ai/tokenizer@0.0.4':
    resolution: {integrity: sha512-EHRKbxlxlc8W4KCBEseByJ7YwyYCmgu9OyN59H9+IYIGPoKv8tXyQXinkeGDI+cI8Tiuz9wk2jZb/kK7AyvL7g==}

  '@types/node@18.19.130':
    resolution: {integrity: sha512-GRaXQx6jGfL8sKfaIDD6OupbIHBr9jv7Jnaml9tB7l4v068PAOXqfcujMMo5PhbIs6ggR1XODELqahT2R8v0fg==}

  gpt-tokenizer@3.4.0:
    resolution: {integrity: sha512-wxFLnhIXTDjYebd9A9pGl3e31ZpSypbpIJSOswbgop5jLte/AsZVDvjlbEuVFlsqZixVKqbcoNmRlFDf6pz/UQ==}

  hono@4.12.6:
    resolution: {integrity: sha512-KljEp+MeEEEIOT75qBo1UjqqB29fRMtlDEwCxcexOzdkUq6LR/vRvHk5pdROcxyOYyW1niq7Gb5pFVGy5R1eBw==}
    engines: {node: '>=16.9.0'}

  tiktoken@1.0.22:
    resolution: {integrity: sha512-PKvy1rVF1RibfF3JlXBSP0Jrcw2uq3yXdgcEXtKTYn3QJ/cBRBHDnrJ5jHky+MENZ6DIPwNUGWpkVx+7joCpNA==}

  undici-types@5.26.5:
    resolution: {integrity: sha512-JlCMO+ehdEIKqlFxk6IfVoAUVmgz7cU7zD/h9XZ0qzeosSHmUJVOzSQvvYSYWXkFXC+IfLKSIffhv0sVZup6pA==}

snapshots:

  '@anthropic-ai/tokenizer@0.0.4':
    dependencies:
      '@types/node': 18.19.130
      tiktoken: 1.0.22

  '@types/node@18.19.130':
    dependencies:
      undici-types: 5.26.5

  gpt-tokenizer@3.4.0: {}

  hono@4.12.6: {}

  tiktoken@1.0.22: {}

  undici-types@5.26.5: {}
